// !$*UTF8*$!
{
	archiveVersion = 1;
	classes = {
	};
	objectVersion = 46;
	objects = {

/* Begin PBXBuildFile section */
		6EDD26891F49B21F00BED0E8 /* main.m in Sources */ = {isa = PBXBuildFile; fileRef = 6EDD26881F49B21F00BED0E8 /* main.m */; };
		6EDD268C1F49B21F00BED0E8 /* AppDelegate.m in Sources */ = {isa = PBXBuildFile; fileRef = 6EDD268B1F49B21F00BED0E8 /* AppDelegate.m */; };
		6EDD268F1F49B21F00BED0E8 /* ViewController.m in Sources */ = {isa = PBXBuildFile; fileRef = 6EDD268E1F49B21F00BED0E8 /* ViewController.m */; };
		6EDD26921F49B21F00BED0E8 /* Main.storyboard in Resources */ = {isa = PBXBuildFile; fileRef = 6EDD26901F49B21F00BED0E8 /* Main.storyboard */; };
		6EDD26941F49B21F00BED0E8 /* Assets.xcassets in Resources */ = {isa = PBXBuildFile; fileRef = 6EDD26931F49B21F00BED0E8 /* Assets.xcassets */; };
		6EDD26971F49B21F00BED0E8 /* LaunchScreen.storyboard in Resources */ = {isa = PBXBuildFile; fileRef = 6EDD26951F49B21F00BED0E8 /* LaunchScreen.storyboard */; };
		6EDD26A21F49B21F00BED0E8 /* MasoryTests.m in Sources */ = {isa = PBXBuildFile; fileRef = 6EDD26A11F49B21F00BED0E8 /* MasoryTests.m */; };
		6EDD26AD1F49B21F00BED0E8 /* MasoryUITests.m in Sources */ = {isa = PBXBuildFile; fileRef = 6EDD26AC1F49B21F00BED0E8 /* MasoryUITests.m */; };
/* End PBXBuildFile section */

/* Begin PBXContainerItemProxy section */
		6EDD269E1F49B21F00BED0E8 /* PBXContainerItemProxy */ = {
			isa = PBXContainerItemProxy;
			containerPortal = 6EDD267C1F49B21F00BED0E8 /* Project object */;
			proxyType = 1;
			remoteGlobalIDString = 6EDD26831F49B21F00BED0E8;
			remoteInfo = Masory;
		};
		6EDD26A91F49B21F00BED0E8 /* PBXContainerItemProxy */ = {
			isa = PBXContainerItemProxy;
			containerPortal = 6EDD267C1F49B21F00BED0E8 /* Project object */;
			proxyType = 1;
			remoteGlobalIDString = 6EDD26831F49B21F00BED0E8;
			remoteInfo = Masory;
		};
/* End PBXContainerItemProxy section */

/* Begin PBXFileReference section */
		6EDD26841F49B21F00BED0E8 /* Masory.app */ = {isa = PBXFileReference; explicitFileType = wrapper.application; includeInIndex = 0; path = Masory.app; sourceTree = BUILT_PRODUCTS_DIR; };
		6EDD26881F49B21F00BED0E8 /* main.m */ = {isa = PBXFileReference; lastKnownFileType = sourcecode.c.objc; path = main.m; sourceTree = "<group>"; };
		6EDD268A1F49B21F00BED0E8 /* AppDelegate.h */ = {isa = PBXFileReference; lastKnownFileType = sourcecode.c.h; path = AppDelegate.h; sourceTree = "<group>"; };
		6EDD268B1F49B21F00BED0E8 /* AppDelegate.m */ = {isa = PBXFileReference; lastKnownFileType = sourcecode.c.objc; path = AppDelegate.m; sourceTree = "<group>"; };
		6EDD268D1F49B21F00BED0E8 /* ViewController.h */ = {isa = PBXFileReference; lastKnownFileType = sourcecode.c.h; path = ViewController.h; sourceTree = "<group>"; };
		6EDD268E1F49B21F00BED0E8 /* ViewController.m */ = {isa = PBXFileReference; lastKnownFileType = sourcecode.c.objc; path = ViewController.m; sourceTree = "<group>"; };
		6EDD26911F49B21F00BED0E8 /* Base */ = {isa = PBXFileReference; lastKnownFileType = file.storyboard; name = Base; path = Base.lproj/Main.storyboard; sourceTree = "<group>"; };
		6EDD26931F49B21F00BED0E8 /* Assets.xcassets */ = {isa = PBXFileReference; lastKnownFileType = folder.assetcatalog; path = Assets.xcassets; sourceTree = "<group>"; };
		6EDD26961F49B21F00BED0E8 /* Base */ = {isa = PBXFileReference; lastKnownFileType = file.storyboard; name = Base; path = Base.lproj/LaunchScreen.storyboard; sourceTree = "<group>"; };
		6EDD26981F49B21F00BED0E8 /* Info.plist */ = {isa = PBXFileReference; lastKnownFileType = text.plist.xml; path = Info.plist; sourceTree = "<group>"; };
		6EDD269D1F49B21F00BED0E8 /* MasoryTests.xctest */ = {isa = PBXFileReference; explicitFileType = wrapper.cfbundle; includeInIndex = 0; path = MasoryTests.xctest; sourceTree = BUILT_PRODUCTS_DIR; };
		6EDD26A11F49B21F00BED0E8 /* MasoryTests.m */ = {isa = PBXFileReference; lastKnownFileType = sourcecode.c.objc; path = MasoryTests.m; sourceTree = "<group>"; };
		6EDD26A31F49B21F00BED0E8 /* Info.plist */ = {isa = PBXFileReference; lastKnownFileType = text.plist.xml; path = Info.plist; sourceTree = "<group>"; };
		6EDD26A81F49B21F00BED0E8 /* MasoryUITests.xctest */ = {isa = PBXFileReference; explicitFileType = wrapper.cfbundle; includeInIndex = 0; path = MasoryUITests.xctest; sourceTree = BUILT_PRODUCTS_DIR; };
		6EDD26AC1F49B21F00BED0E8 /* MasoryUITests.m */ = {isa = PBXFileReference; lastKnownFileType = sourcecode.c.objc; path = MasoryUITests.m; sourceTree = "<group>"; };
		6EDD26AE1F49B21F00BED0E8 /* Info.plist */ = {isa = PBXFileReference; lastKnownFileType = text.plist.xml; path = Info.plist; sourceTree = "<group>"; };
/* End PBXFileReference section */

/* Begin PBXFrameworksBuildPhase section */
		6EDD26811F49B21F00BED0E8 /* Frameworks */ = {
			isa = PBXFrameworksBuildPhase;
			buildActionMask = 2147483647;
			files = (
			);
			runOnlyForDeploymentPostprocessing = 0;
		};
		6EDD269A1F49B21F00BED0E8 /* Frameworks */ = {
			isa = PBXFrameworksBuildPhase;
			buildActionMask = 2147483647;
			files = (
			);
			runOnlyForDeploymentPostprocessing = 0;
		};
		6EDD26A51F49B21F00BED0E8 /* Frameworks */ = {
			isa = PBXFrameworksBuildPhase;
			buildActionMask = 2147483647;
			files = (
			);
			runOnlyForDeploymentPostprocessing = 0;
		};
/* End PBXFrameworksBuildPhase section */

/* Begin PBXGroup section */
		6EDD267B1F49B21F00BED0E8 = {
			isa = PBXGroup;
			children = (
				6EDD26861F49B21F00BED0E8 /* Masory */,
				6EDD26A01F49B21F00BED0E8 /* MasoryTests */,
				6EDD26AB1F49B21F00BED0E8 /* MasoryUITests */,
				6EDD26851F49B21F00BED0E8 /* Products */,
			);
			sourceTree = "<group>";
		};
		6EDD26851F49B21F00BED0E8 /* Products */ = {
			isa = PBXGroup;
			children = (
				6EDD26841F49B21F00BED0E8 /* Masory.app */,
				6EDD269D1F49B21F00BED0E8 /* MasoryTests.xctest */,
				6EDD26A81F49B21F00BED0E8 /* MasoryUITests.xctest */,
			);
			name = Products;
			sourceTree = "<group>";
		};
		6EDD26861F49B21F00BED0E8 /* Masory */ = {
			isa = PBXGroup;
			children = (
				6EDD268A1F49B21F00BED0E8 /* AppDelegate.h */,
				6EDD268B1F49B21F00BED0E8 /* AppDelegate.m */,
				6EDD268D1F49B21F00BED0E8 /* ViewController.h */,
				6EDD268E1F49B21F00BED0E8 /* ViewController.m */,
				6EDD26901F49B21F00BED0E8 /* Main.storyboard */,
				6EDD26931F49B21F00BED0E8 /* Assets.xcassets */,
				6EDD26951F49B21F00BED0E8 /* LaunchScreen.storyboard */,
				6EDD26981F49B21F00BED0E8 /* Info.plist */,
				6EDD26871F49B21F00BED0E8 /* Supporting Files */,
			);
			path = Masory;
			sourceTree = "<group>";
		};
		6EDD26871F49B21F00BED0E8 /* Supporting Files */ = {
			isa = PBXGroup;
			children = (
				6EDD26881F49B21F00BED0E8 /* main.m */,
			);
			name = "Supporting Files";
			sourceTree = "<group>";
		};
		6EDD26A01F49B21F00BED0E8 /* MasoryTests */ = {
			isa = PBXGroup;
			children = (
				6EDD26A11F49B21F00BED0E8 /* MasoryTests.m */,
				6EDD26A31F49B21F00BED0E8 /* Info.plist */,
			);
			path = MasoryTests;
			sourceTree = "<group>";
		};
		6EDD26AB1F49B21F00BED0E8 /* MasoryUITests */ = {
			isa = PBXGroup;
			children = (
				6EDD26AC1F49B21F00BED0E8 /* MasoryUITests.m */,
				6EDD26AE1F49B21F00BED0E8 /* Info.plist */,
			);
			path = MasoryUITests;
			sourceTree = "<group>";
		};
/* End PBXGroup section */

/* Begin PBXNativeTarget section */
		6EDD26831F49B21F00BED0E8 /* Masory */ = {
			isa = PBXNativeTarget;
			buildConfigurationList = 6EDD26B11F49B21F00BED0E8 /* Build configuration list for PBXNativeTarget "Masory" */;
			buildPhases = (
				6EDD26801F49B21F00BED0E8 /* Sources */,
				6EDD26811F49B21F00BED0E8 /* Frameworks */,
				6EDD26821F49B21F00BED0E8 /* Resources */,
			);
			buildRules = (
			);
			dependencies = (
			);
			name = Masory;
			productName = Masory;
			productReference = 6EDD26841F49B21F00BED0E8 /* Masory.app */;
			productType = "com.apple.product-type.application";
		};
		6EDD269C1F49B21F00BED0E8 /* MasoryTests */ = {
			isa = PBXNativeTarget;
			buildConfigurationList = 6EDD26B41F49B21F00BED0E8 /* Build configuration list for PBXNativeTarget "MasoryTests" */;
			buildPhases = (
				6EDD26991F49B21F00BED0E8 /* Sources */,
				6EDD269A1F49B21F00BED0E8 /* Frameworks */,
				6EDD269B1F49B21F00BED0E8 /* Resources */,
			);
			buildRules = (
			);
			dependencies = (
				6EDD269F1F49B21F00BED0E8 /* PBXTargetDependency */,
			);
			name = MasoryTests;
			productName = MasoryTests;
			productReference = 6EDD269D1F49B21F00BED0E8 /* MasoryTests.xctest */;
			productType = "com.apple.product-type.bundle.unit-test";
		};
		6EDD26A71F49B21F00BED0E8 /* MasoryUITests */ = {
			isa = PBXNativeTarget;
			buildConfigurationList = 6EDD26B71F49B21F00BED0E8 /* Build configuration list for PBXNativeTarget "MasoryUITests" */;
			buildPhases = (
				6EDD26A41F49B21F00BED0E8 /* Sources */,
				6EDD26A51F49B21F00BED0E8 /* Frameworks */,
				6EDD26A61F49B21F00BED0E8 /* Resources */,
			);
			buildRules = (
			);
			dependencies = (
				6EDD26AA1F49B21F00BED0E8 /* PBXTargetDependency */,
			);
			name = MasoryUITests;
			productName = MasoryUITests;
			productReference = 6EDD26A81F49B21F00BED0E8 /* MasoryUITests.xctest */;
			productType = "com.apple.product-type.bundle.ui-testing";
		};
/* End PBXNativeTarget section */

/* Begin PBXProject section */
		6EDD267C1F49B21F00BED0E8 /* Project object */ = {
			isa = PBXProject;
			attributes = {
				LastUpgradeCheck = 0830;
				ORGANIZATIONNAME = secoo;
				TargetAttributes = {
					6EDD26831F49B21F00BED0E8 = {
						CreatedOnToolsVersion = 8.3.3;
						ProvisioningStyle = Automatic;
					};
					6EDD269C1F49B21F00BED0E8 = {
						CreatedOnToolsVersion = 8.3.3;
						ProvisioningStyle = Automatic;
						TestTargetID = 6EDD26831F49B21F00BED0E8;
					};
					6EDD26A71F49B21F00BED0E8 = {
						CreatedOnToolsVersion = 8.3.3;
						ProvisioningStyle = Automatic;
						TestTargetID = 6EDD26831F49B21F00BED0E8;
					};
				};
			};
			buildConfigurationList = 6EDD267F1F49B21F00BED0E8 /* Build configuration list for PBXProject "Masory" */;
			compatibilityVersion = "Xcode 3.2";
			developmentRegion = English;
			hasScannedForEncodings = 0;
			knownRegions = (
				en,
				Base,
			);
			mainGroup = 6EDD267B1F49B21F00BED0E8;
			productRefGroup = 6EDD26851F49B21F00BED0E8 /* Products */;
			projectDirPath = "";
			projectRoot = "";
			targets = (
				6EDD26831F49B21F00BED0E8 /* Masory */,
				6EDD269C1F49B21F00BED0E8 /* MasoryTests */,
				6EDD26A71F49B21F00BED0E8 /* MasoryUITests */,
			);
		};
/* End PBXProject section */

/* Begin PBXResourcesBuildPhase section */
		6EDD26821F49B21F00BED0E8 /* Resources */ = {
			isa = PBXResourcesBuildPhase;
			buildActionMask = 2147483647;
			files = (
				6EDD26971F49B21F00BED0E8 /* LaunchScreen.storyboard in Resources */,
				6EDD26941F49B21F00BED0E8 /* Assets.xcassets in Resources */,
				6EDD26921F49B21F00BED0E8 /* Main.storyboard in Resources */,
			);
			runOnlyForDeploymentPostprocessing = 0;
		};
		6EDD269B1F49B21F00BED0E8 /* Resources */ = {
			isa = PBXResourcesBuildPhase;
			buildActionMask = 2147483647;
			files = (
			);
			runOnlyForDeploymentPostprocessing = 0;
		};
		6EDD26A61F49B21F00BED0E8 /* Resources */ = {
			isa = PBXResourcesBuildPhase;
			buildActionMask = 2147483647;
			files = (
			);
			runOnlyForDeploymentPostprocessing = 0;
		};
/* End PBXResourcesBuildPhase section */

/* Begin PBXSourcesBuildPhase section */
		6EDD26801F49B21F00BED0E8 /* Sources */ = {
			isa = PBXSourcesBuildPhase;
			buildActionMask = 2147483647;
			files = (
				6EDD268F1F49B21F00BED0E8 /* ViewController.m in Sources */,
				6EDD268C1F49B21F00BED0E8 /* AppDelegate.m in Sources */,
				6EDD26891F49B21F00BED0E8 /* main.m in Sources */,
			);
			runOnlyForDeploymentPostprocessing = 0;
		};
		6EDD26991F49B21F00BED0E8 /* Sources */ = {
			isa = PBXSourcesBuildPhase;
			buildActionMask = 2147483647;
			files = (
				6EDD26A21F49B21F00BED0E8 /* MasoryTests.m in Sources */,
			);
			runOnlyForDeploymentPostprocessing = 0;
		};
		6EDD26A41F49B21F00BED0E8 /* Sources */ = {
			isa = PBXSourcesBuildPhase;
			buildActionMask = 2147483647;
			files = (
				6EDD26AD1F49B21F00BED0E8 /* MasoryUITests.m in Sources */,
			);
			runOnlyForDeploymentPostprocessing = 0;
		};
/* End PBXSourcesBuildPhase section */

/* Begin PBXTargetDependency section */
		6EDD269F1F49B21F00BED0E8 /* PBXTargetDependency */ = {
			isa = PBXTargetDependency;
			target = 6EDD26831F49B21F00BED0E8 /* Masory */;
			targetProxy = 6EDD269E1F49B21F00BED0E8 /* PBXContainerItemProxy */;
		};
		6EDD26AA1F49B21F00BED0E8 /* PBXTargetDependency */ = {
			isa = PBXTargetDependency;
			target = 6EDD26831F49B21F00BED0E8 /* Masory */;
			targetProxy = 6EDD26A91F49B21F00BED0E8 /* PBXContainerItemProxy */;
		};
/* End PBXTargetDependency section */

/* Begin PBXVariantGroup section */
		6EDD26901F49B21F00BED0E8 /* Main.storyboard */ = {
			isa = PBXVariantGroup;
			children = (
				6EDD26911F49B21F00BED0E8 /* Base */,
			);
			name = Main.storyboard;
			sourceTree = "<group>";
		};
		6EDD26951F49B21F00BED0E8 /* LaunchScreen.storyboard */ = {
			isa = PBXVariantGroup;
			children = (
				6EDD26961F49B21F00BED0E8 /* Base */,
			);
			name = LaunchScreen.storyboard;
			sourceTree = "<group>";
		};
/* End PBXVariantGroup section */

/* Begin XCBuildConfiguration section */
		6EDD26AF1F49B21F00BED0E8 /* Debug */ = {
			isa = XCBuildConfiguration;
			buildSettings = {
				ALWAYS_SEARCH_USER_PATHS = NO;
				CLANG_ANALYZER_NONNULL = YES;
				CLANG_ANALYZER_NUMBER_OBJECT_CONVERSION = YES_AGGRESSIVE;
				CLANG_CXX_LANGUAGE_STANDARD = "gnu++0x";
				CLANG_CXX_LIBRARY = "libc++";
				CLANG_ENABLE_MODULES = YES;
				CLANG_ENABLE_OBJC_ARC = YES;
				CLANG_WARN_BOOL_CONVERSION = YES;
				CLANG_WARN_CONSTANT_CONVERSION = YES;
				CLANG_WARN_DIRECT_OBJC_ISA_USAGE = YES_ERROR;
				CLANG_WARN_DOCUMENTATION_COMMENTS = YES;
				CLANG_WARN_EMPTY_BODY = YES;
				CLANG_WARN_ENUM_CONVERSION = YES;
				CLANG_WARN_INFINITE_RECURSION = YES;
				CLANG_WARN_INT_CONVERSION = YES;
				CLANG_WARN_OBJC_ROOT_CLASS = YES_ERROR;
				CLANG_WARN_SUSPICIOUS_MOVE = YES;
				CLANG_WARN_UNREACHABLE_CODE = YES;
				CLANG_WARN__DUPLICATE_METHOD_MATCH = YES;
				"CODE_SIGN_IDENTITY[sdk=iphoneos*]" = "iPhone Developer";
				COPY_PHASE_STRIP = NO;
				DEBUG_INFORMATION_FORMAT = dwarf;
				ENABLE_STRICT_OBJC_MSGSEND = YES;
				ENABLE_TESTABILITY = YES;
				GCC_C_LANGUAGE_STANDARD = gnu99;
				GCC_DYNAMIC_NO_PIC = NO;
				GCC_NO_COMMON_BLOCKS = YES;
				GCC_OPTIMIZATION_LEVEL = 0;
				GCC_PREPROCESSOR_DEFINITIONS = (
					"DEBUG=1",
					"$(inherited)",
				);
				GCC_WARN_64_TO_32_BIT_CONVERSION = YES;
				GCC_WARN_ABOUT_RETURN_TYPE = YES_ERROR;
				GCC_WARN_UNDECLARED_SELECTOR = YES;
				GCC_WARN_UNINITIALIZED_AUTOS = YES_AGGRESSIVE;
				GCC_WARN_UNUSED_FUNCTION = YES;
				GCC_WARN_UNUSED_VARIABLE = YES;
				IPHONEOS_DEPLOYMENT_TARGET = 10.3;
				MTL_ENABLE_DEBUG_INFO = YES;
				ONLY_ACTIVE_ARCH = YES;
				SDKROOT = iphoneos;
				TARGETED_DEVICE_FAMILY = "1,2";
			};
			name = Debug;
		};
		6EDD26B01F49B21F00BED0E8 /* Release */ = {
			isa = XCBuildConfiguration;
			buildSettings = {
				ALWAYS_SEARCH_USER_PATHS = NO;
				CLANG_ANALYZER_NONNULL = YES;
				CLANG_ANALYZER_NUMBER_OBJECT_CONVERSION = YES_AGGRESSIVE;
				CLANG_CXX_LANGUAGE_STANDARD = "gnu++0x";
				CLANG_CXX_LIBRARY = "libc++";
				CLANG_ENABLE_MODULES = YES;
				CLANG_ENABLE_OBJC_ARC = YES;
				CLANG_WARN_BOOL_CONVERSION = YES;
				CLANG_WARN_CONSTANT_CONVERSION = YES;
				CLANG_WARN_DIRECT_OBJC_ISA_USAGE = YES_ERROR;
				CLANG_WARN_DOCUMENTATION_COMMENTS = YES;
				CLANG_WARN_EMPTY_BODY = YES;
				CLANG_WARN_ENUM_CONVERSION = YES;
				CLANG_WARN_INFINITE_RECURSION = YES;
				CLANG_WARN_INT_CONVERSION = YES;
				CLANG_WARN_OBJC_ROOT_CLASS = YES_ERROR;
				CLANG_WARN_SUSPICIOUS_MOVE = YES;
				CLANG_WARN_UNREACHABLE_CODE = YES;
				CLANG_WARN__DUPLICATE_METHOD_MATCH = YES;
				"CODE_SIGN_IDENTITY[sdk=iphoneos*]" = "iPhone Developer";
				COPY_PHASE_STRIP = NO;
				DEBUG_INFORMATION_FORMAT = "dwarf-with-dsym";
				ENABLE_NS_ASSERTIONS = NO;
				ENABLE_STRICT_OBJC_MSGSEND = YES;
				GCC_C_LANGUAGE_STANDARD = gnu99;
				GCC_NO_COMMON_BLOCKS = YES;
				GCC_WARN_64_TO_32_BIT_CONVERSION = YES;
				GCC_WARN_ABOUT_RETURN_TYPE = YES_ERROR;
				GCC_WARN_UNDECLARED_SELECTOR = YES;
				GCC_WARN_UNINITIALIZED_AUTOS = YES_AGGRESSIVE;
				GCC_WARN_UNUSED_FUNCTION = YES;
				GCC_WARN_UNUSED_VARIABLE = YES;
				IPHONEOS_DEPLOYMENT_TARGET = 10.3;
				MTL_ENABLE_DEBUG_INFO = NO;
				SDKROOT = iphoneos;
				TARGETED_DEVICE_FAMILY = "1,2";
				VALIDATE_PRODUCT = YES;
			};
			name = Release;
		};
		6EDD26B21F49B21F00BED0E8 /* Debug */ = {
			isa = XCBuildConfiguration;
			buildSettings = {
				ASSETCATALOG_COMPILER_APPICON_NAME = AppIcon;
				INFOPLIST_FILE = Masory/Info.plist;
				LD_RUNPATH_SEARCH_PATHS = "$(inherited) @executable_path/Frameworks";
				PRODUCT_BUNDLE_IDENTIFIER = secoo.com.Masory;
				PRODUCT_NAME = "$(TARGET_NAME)";
			};
			name = Debug;
		};
		6EDD26B31F49B21F00BED0E8 /* Release */ = {
			isa = XCBuildConfiguration;
			buildSettings = {
				ASSETCATALOG_COMPILER_APPICON_NAME = AppIcon;
				INFOPLIST_FILE = Masory/Info.plist;
				LD_RUNPATH_SEARCH_PATHS = "$(inherited) @executable_path/Frameworks";
				PRODUCT_BUNDLE_IDENTIFIER = secoo.com.Masory;
				PRODUCT_NAME = "$(TARGET_NAME)";
			};
			name = Release;
		};
		6EDD26B51F49B21F00BED0E8 /* Debug */ = {
			isa = XCBuildConfiguration;
			buildSettings = {
				BUNDLE_LOADER = "$(TEST_HOST)";
				INFOPLIST_FILE = MasoryTests/Info.plist;
				LD_RUNPATH_SEARCH_PATHS = "$(inherited) @executable_path/Frameworks @loader_path/Frameworks";
				PRODUCT_BUNDLE_IDENTIFIER = secoo.com.MasoryTests;
				PRODUCT_NAME = "$(TARGET_NAME)";
				TEST_HOST = "$(BUILT_PRODUCTS_DIR)/Masory.app/Masory";
			};
			name = Debug;
		};
		6EDD26B61F49B21F00BED0E8 /* Release */ = {
			isa = XCBuildConfiguration;
			buildSettings = {
				BUNDLE_LOADER = "$(TEST_HOST)";
				INFOPLIST_FILE = MasoryTests/Info.plist;
				LD_RUNPATH_SEARCH_PATHS = "$(inherited) @executable_path/Frameworks @loader_path/Frameworks";
				PRODUCT_BUNDLE_IDENTIFIER = secoo.com.MasoryTests;
				PRODUCT_NAME = "$(TARGET_NAME)";
				TEST_HOST = "$(BUILT_PRODUCTS_DIR)/Masory.app/Masory";
			};
			name = Release;
		};
		6EDD26B81F49B21F00BED0E8 /* Debug */ = {
			isa = XCBuildConfiguration;
			buildSettings = {
				INFOPLIST_FILE = MasoryUITests/Info.plist;
				LD_RUNPATH_SEARCH_PATHS = "$(inherited) @executable_path/Frameworks @loader_path/Frameworks";
				PRODUCT_BUNDLE_IDENTIFIER = secoo.com.MasoryUITests;
				PRODUCT_NAME = "$(TARGET_NAME)";
				TEST_TARGET_NAME = Masory;
			};
			name = Debug;
		};
		6EDD26B91F49B21F00BED0E8 /* Release */ = {
			isa = XCBuildConfiguration;
			buildSettings = {
				INFOPLIST_FILE = MasoryUITests/Info.plist;
				LD_RUNPATH_SEARCH_PATHS = "$(inherited) @executable_path/Frameworks @loader_path/Frameworks";
				PRODUCT_BUNDLE_IDENTIFIER = secoo.com.MasoryUITests;
				PRODUCT_NAME = "$(TARGET_NAME)";
				TEST_TARGET_NAME = Masory;
			};
			name = Release;
		};
/* End XCBuildConfiguration section */

/* Begin XCConfigurationList section */
		6EDD267F1F49B21F00BED0E8 /* Build configuration list for PBXProject "Masory" */ = {
			isa = XCConfigurationList;
			buildConfigurations = (
				6EDD26AF1F49B21F00BED0E8 /* Debug */,
				6EDD26B01F49B21F00BED0E8 /* Release */,
			);
			defaultConfigurationIsVisible = 0;
			defaultConfigurationName = Release;
		};
		6EDD26B11F49B21F00BED0E8 /* Build configuration list for PBXNativeTarget "Masory" */ = {
			isa = XCConfigurationList;
			buildConfigurations = (
				6EDD26B21F49B21F00BED0E8 /* Debug */,
				6EDD26B31F49B21F00BED0E8 /* Release */,
			);
			defaultConfigurationIsVisible = 0;
		};
		6EDD26B41F49B21F00BED0E8 /* Build configuration list for PBXNativeTarget "MasoryTests" */ = {
			isa = XCConfigurationList;
			buildConfigurations = (
				6EDD26B51F49B21F00BED0E8 /* Debug */,
				6EDD26B61F49B21F00BED0E8 /* Release */,
			);
			defaultConfigurationIsVisible = 0;
		};
		6EDD26B71F49B21F00BED0E8 /* Build configuration list for PBXNativeTarget "MasoryUITests" */ = {
			isa = XCConfigurationList;
			buildConfigurations = (
				6EDD26B81F49B21F00BED0E8 /* Debug */,
				6EDD26B91F49B21F00BED0E8 /* Release */,
			);
			defaultConfigurationIsVisible = 0;
		};
/* End XCConfigurationList section */
	};
	rootObject = 6EDD267C1F49B21F00BED0E8 /* Project object */;
}
